github.com/iancoleman/strcase v0.2.0 h1:05I4QRnGpI0m37iZQRuskXh+w77mr6Z41lwQzuHLwW0=
github.com/iancoleman/strcase v0.2.0/go.mod h1:iwCmte+B7n89clKwxIoIXy/HfoL7AsD47ZCWhYzw7ho=
github.com/neo4j/neo4j-go-driver/v5 v5.9.0 h1:TYxT0RSiwnvVFia90V7TLnRXv8HkdQQ6rTUaPVoyZ+w=
github.com/neo4j/neo4j-go-driver/v5 v5.9.0/go.mod h1:Vff8OwT7QpLm7L2yYr85XNWe9Rbqlbeb9asNXJTHO4k=
